
Microsoft Visual Studio Solution File, Format Version 12.00
# Visual Studio Version 16
VisualStudioVersion = 16.0.29123.88
MinimumVisualStudioVersion = 10.0.40219.1
Project("{FAE04EC0-301F-11D3-BF4B-00C04F79EFBC}") = "ex1_20190806", "ex1_20190806\ex1_20190806.csproj", "{695DF569-FD67-456F-8343-E927A4B887BE}"
EndProject
Global
	GlobalSection(SolutionConfigurationPlatforms) = preSolution
		Debug|Any CPU = Debug|Any CPU
		Release|Any CPU = Release|Any CPU
	EndGlobalSection
	GlobalSection(ProjectConfigurationPlatforms) = postSolution
		{695DF569-FD67-456F-8343-E927A4B887BE}.Debug|Any CPU.ActiveCfg = Debug|Any CPU
		{695DF569-FD67-456F-8343-E927A4B887BE}.Debug|Any CPU.Build.0 = Debug|Any CPU
		{695DF569-FD67-456F-8343-E927A4B887BE}.Release|Any CPU.ActiveCfg = Release|Any CPU
		{695DF569-FD67-456F-8343-E927A4B887BE}.Release|Any CPU.Build.0 = Release|Any CPU
	EndGlobalSection
	GlobalSection(SolutionProperties) = preSolution
		HideSolutionNode = FALSE
	EndGlobalSection
	GlobalSection(ExtensibilityGlobals) = postSolution
		SolutionGuid = {15C19F9E-557D-4796-A87D-0DB1C8CD1364}
	EndGlobalSection
EndGlobal
